// !$*UTF8*$!
{
	archiveVersion = 1;
	classes = {
	};
	objectVersion = 56;
	objects = {

/* Begin PBXBuildFile section */
		5148C4D32CE7FAAF0056155A /* HarryPotterTests.swift in Sources */ = {isa = PBXBuildFile; fileRef = 5148C4D22CE7FAAF0056155A /* HarryPotterTests.swift */; };
		5148C4DE2CEBB26C0056155A /* MockCharactersRepository.swift in Sources */ = {isa = PBXBuildFile; fileRef = 5148C4DD2CEBB26C0056155A /* MockCharactersRepository.swift */; };
		5148C4E02CEBB2B70056155A /* MockModel.swift in Sources */ = {isa = PBXBuildFile; fileRef = 5148C4DF2CEBB2B70056155A /* MockModel.swift */; };
		516468012CE3E1EB002458DD /* Harry_PotterApp.swift in Sources */ = {isa = PBXBuildFile; fileRef = 516468002CE3E1EB002458DD /* Harry_PotterApp.swift */; };
		516468032CE3E1EB002458DD /* ContentView.swift in Sources */ = {isa = PBXBuildFile; fileRef = 516468022CE3E1EB002458DD /* ContentView.swift */; };
		516468052CE3E1EC002458DD /* Assets.xcassets in Resources */ = {isa = PBXBuildFile; fileRef = 516468042CE3E1EC002458DD /* Assets.xcassets */; };
		516468082CE3E1EC002458DD /* Preview Assets.xcassets in Resources */ = {isa = PBXBuildFile; fileRef = 516468072CE3E1EC002458DD /* Preview Assets.xcassets */; };
		516468152CE3E5C2002458DD /* Colors.xcassets in Resources */ = {isa = PBXBuildFile; fileRef = 516468142CE3E5C2002458DD /* Colors.xcassets */; };
		516468182CE3E604002458DD /* Colors.swift in Sources */ = {isa = PBXBuildFile; fileRef = 516468172CE3E604002458DD /* Colors.swift */; };
		5164681D2CE3E630002458DD /* Icons.swift in Sources */ = {isa = PBXBuildFile; fileRef = 5164681B2CE3E630002458DD /* Icons.swift */; };
		5164681F2CE3E649002458DD /* Images.xcassets in Resources */ = {isa = PBXBuildFile; fileRef = 5164681E2CE3E649002458DD /* Images.xcassets */; };
		516468232CE3F9D0002458DD /* CharactersView.swift in Sources */ = {isa = PBXBuildFile; fileRef = 516468222CE3F9D0002458DD /* CharactersView.swift */; };
		516468252CE3FC2A002458DD /* FontSizes.swift in Sources */ = {isa = PBXBuildFile; fileRef = 516468242CE3FC2A002458DD /* FontSizes.swift */; };
		516468272CE3FDA1002458DD /* CharactersRepository.swift in Sources */ = {isa = PBXBuildFile; fileRef = 516468262CE3FDA1002458DD /* CharactersRepository.swift */; };
		5164682A2CE3FE5A002458DD /* Alamofire in Frameworks */ = {isa = PBXBuildFile; productRef = 516468292CE3FE5A002458DD /* Alamofire */; };
		5164682D2CE3FEF5002458DD /* CharactersModel.swift in Sources */ = {isa = PBXBuildFile; fileRef = 5164682C2CE3FEF5002458DD /* CharactersModel.swift */; };
		516468312CE40197002458DD /* CharactersViewModel.swift in Sources */ = {isa = PBXBuildFile; fileRef = 516468302CE40197002458DD /* CharactersViewModel.swift */; };
		516468342CE40699002458DD /* Strings.swift in Sources */ = {isa = PBXBuildFile; fileRef = 516468332CE40699002458DD /* Strings.swift */; };
		516468362CE40740002458DD /* Base.swift in Sources */ = {isa = PBXBuildFile; fileRef = 516468352CE40740002458DD /* Base.swift */; };
		519C1A492CEBCB1200D4055B /* MockCharactersAPIClient.swift in Sources */ = {isa = PBXBuildFile; fileRef = 519C1A482CEBCB1200D4055B /* MockCharactersAPIClient.swift */; };
/* End PBXBuildFile section */

/* Begin PBXContainerItemProxy section */
		5148C4D42CE7FAAF0056155A /* PBXContainerItemProxy */ = {
			isa = PBXContainerItemProxy;
			containerPortal = 516467F52CE3E1EB002458DD /* Project object */;
			proxyType = 1;
			remoteGlobalIDString = 516467FC2CE3E1EB002458DD;
			remoteInfo = "Harry Potter";
		};
		51D14C292CE50D65002468B2 /* PBXContainerItemProxy */ = {
			isa = PBXContainerItemProxy;
			containerPortal = 516467F52CE3E1EB002458DD /* Project object */;
			proxyType = 1;
			remoteGlobalIDString = 516467FC2CE3E1EB002458DD;
			remoteInfo = "Harry Potter";
		};
/* End PBXContainerItemProxy section */

/* Begin PBXFileReference section */
		5148C4D02CE7FAAF0056155A /* HarryPotterTests.xctest */ = {isa = PBXFileReference; explicitFileType = wrapper.cfbundle; includeInIndex = 0; path = HarryPotterTests.xctest; sourceTree = BUILT_PRODUCTS_DIR; };
		5148C4D22CE7FAAF0056155A /* HarryPotterTests.swift */ = {isa = PBXFileReference; lastKnownFileType = sourcecode.swift; path = HarryPotterTests.swift; sourceTree = "<group>"; };
		5148C4DD2CEBB26C0056155A /* MockCharactersRepository.swift */ = {isa = PBXFileReference; lastKnownFileType = sourcecode.swift; path = MockCharactersRepository.swift; sourceTree = "<group>"; };
		5148C4DF2CEBB2B70056155A /* MockModel.swift */ = {isa = PBXFileReference; lastKnownFileType = sourcecode.swift; path = MockModel.swift; sourceTree = "<group>"; };
		516467FD2CE3E1EB002458DD /* Harry Potter.app */ = {isa = PBXFileReference; explicitFileType = wrapper.application; includeInIndex = 0; path = "Harry Potter.app"; sourceTree = BUILT_PRODUCTS_DIR; };
		516468002CE3E1EB002458DD /* Harry_PotterApp.swift */ = {isa = PBXFileReference; lastKnownFileType = sourcecode.swift; path = Harry_PotterApp.swift; sourceTree = "<group>"; };
		516468022CE3E1EB002458DD /* ContentView.swift */ = {isa = PBXFileReference; lastKnownFileType = sourcecode.swift; path = ContentView.swift; sourceTree = "<group>"; };
		516468042CE3E1EC002458DD /* Assets.xcassets */ = {isa = PBXFileReference; lastKnownFileType = folder.assetcatalog; path = Assets.xcassets; sourceTree = "<group>"; };
		516468072CE3E1EC002458DD /* Preview Assets.xcassets */ = {isa = PBXFileReference; lastKnownFileType = folder.assetcatalog; path = "Preview Assets.xcassets"; sourceTree = "<group>"; };
		516468142CE3E5C2002458DD /* Colors.xcassets */ = {isa = PBXFileReference; lastKnownFileType = folder.assetcatalog; path = Colors.xcassets; sourceTree = "<group>"; };
		516468172CE3E604002458DD /* Colors.swift */ = {isa = PBXFileReference; fileEncoding = 4; lastKnownFileType = sourcecode.swift; path = Colors.swift; sourceTree = "<group>"; };
		5164681B2CE3E630002458DD /* Icons.swift */ = {isa = PBXFileReference; fileEncoding = 4; lastKnownFileType = sourcecode.swift; path = Icons.swift; sourceTree = "<group>"; };
		5164681E2CE3E649002458DD /* Images.xcassets */ = {isa = PBXFileReference; lastKnownFileType = folder.assetcatalog; path = Images.xcassets; sourceTree = "<group>"; };
		516468222CE3F9D0002458DD /* CharactersView.swift */ = {isa = PBXFileReference; lastKnownFileType = sourcecode.swift; path = CharactersView.swift; sourceTree = "<group>"; };
		516468242CE3FC2A002458DD /* FontSizes.swift */ = {isa = PBXFileReference; lastKnownFileType = sourcecode.swift; path = FontSizes.swift; sourceTree = "<group>"; };
		516468262CE3FDA1002458DD /* CharactersRepository.swift */ = {isa = PBXFileReference; lastKnownFileType = sourcecode.swift; path = CharactersRepository.swift; sourceTree = "<group>"; };
		5164682C2CE3FEF5002458DD /* CharactersModel.swift */ = {isa = PBXFileReference; lastKnownFileType = sourcecode.swift; path = CharactersModel.swift; sourceTree = "<group>"; };
		516468302CE40197002458DD /* CharactersViewModel.swift */ = {isa = PBXFileReference; lastKnownFileType = sourcecode.swift; path = CharactersViewModel.swift; sourceTree = "<group>"; };
		516468332CE40699002458DD /* Strings.swift */ = {isa = PBXFileReference; lastKnownFileType = sourcecode.swift; path = Strings.swift; sourceTree = "<group>"; };
		516468352CE40740002458DD /* Base.swift */ = {isa = PBXFileReference; lastKnownFileType = sourcecode.swift; path = Base.swift; sourceTree = "<group>"; };
		519C1A482CEBCB1200D4055B /* MockCharactersAPIClient.swift */ = {isa = PBXFileReference; lastKnownFileType = sourcecode.swift; path = MockCharactersAPIClient.swift; sourceTree = "<group>"; };
		51D14C252CE50D65002468B2 /* Harry PotterTests.xctest */ = {isa = PBXFileReference; explicitFileType = wrapper.cfbundle; includeInIndex = 0; path = "Harry PotterTests.xctest"; sourceTree = BUILT_PRODUCTS_DIR; };
/* End PBXFileReference section */

/* Begin PBXFrameworksBuildPhase section */
		5148C4CD2CE7FAAF0056155A /* Frameworks */ = {
			isa = PBXFrameworksBuildPhase;
			buildActionMask = 2147483647;
			files = (
			);
			runOnlyForDeploymentPostprocessing = 0;
		};
		516467FA2CE3E1EB002458DD /* Frameworks */ = {
			isa = PBXFrameworksBuildPhase;
			buildActionMask = 2147483647;
			files = (
				5164682A2CE3FE5A002458DD /* Alamofire in Frameworks */,
			);
			runOnlyForDeploymentPostprocessing = 0;
		};
		51D14C222CE50D65002468B2 /* Frameworks */ = {
			isa = PBXFrameworksBuildPhase;
			buildActionMask = 2147483647;
			files = (
			);
			runOnlyForDeploymentPostprocessing = 0;
		};
/* End PBXFrameworksBuildPhase section */

/* Begin PBXGroup section */
		5148C4D12CE7FAAF0056155A /* HarryPotterTests */ = {
			isa = PBXGroup;
			children = (
				5148C4D22CE7FAAF0056155A /* HarryPotterTests.swift */,
				5148C4DD2CEBB26C0056155A /* MockCharactersRepository.swift */,
				5148C4DF2CEBB2B70056155A /* MockModel.swift */,
				519C1A482CEBCB1200D4055B /* MockCharactersAPIClient.swift */,
			);
			path = HarryPotterTests;
			sourceTree = "<group>";
		};
		516467F42CE3E1EB002458DD = {
			isa = PBXGroup;
			children = (
				516467FF2CE3E1EB002458DD /* Harry Potter */,
				5148C4D12CE7FAAF0056155A /* HarryPotterTests */,
				516467FE2CE3E1EB002458DD /* Products */,
			);
			sourceTree = "<group>";
		};
		516467FE2CE3E1EB002458DD /* Products */ = {
			isa = PBXGroup;
			children = (
				516467FD2CE3E1EB002458DD /* Harry Potter.app */,
				51D14C252CE50D65002468B2 /* Harry PotterTests.xctest */,
				5148C4D02CE7FAAF0056155A /* HarryPotterTests.xctest */,
			);
			name = Products;
			sourceTree = "<group>";
		};
		516467FF2CE3E1EB002458DD /* Harry Potter */ = {
			isa = PBXGroup;
			children = (
				5164680E2CE3E291002458DD /* Other */,
				516468132CE3E525002458DD /* Resources */,
				516468122CE3E516002458DD /* Utils */,
				516468112CE3E415002458DD /* Network */,
				51D14C1D2CE4DAF1002468B2 /* Components */,
				5164680F2CE3E297002458DD /* Views */,
				5164682E2CE40176002458DD /* ViewModels */,
				516468062CE3E1EC002458DD /* Preview Content */,
			);
			path = "Harry Potter";
			sourceTree = "<group>";
		};
		516468062CE3E1EC002458DD /* Preview Content */ = {
			isa = PBXGroup;
			children = (
				516468072CE3E1EC002458DD /* Preview Assets.xcassets */,
			);
			path = "Preview Content";
			sourceTree = "<group>";
		};
		5164680E2CE3E291002458DD /* Other */ = {
			isa = PBXGroup;
			children = (
				516468002CE3E1EB002458DD /* Harry_PotterApp.swift */,
				516468022CE3E1EB002458DD /* ContentView.swift */,
				516468042CE3E1EC002458DD /* Assets.xcassets */,
			);
			path = Other;
			sourceTree = "<group>";
		};
		5164680F2CE3E297002458DD /* Views */ = {
			isa = PBXGroup;
			children = (
				516468212CE3F92A002458DD /* Characters */,
			);
			path = Views;
			sourceTree = "<group>";
		};
		516468112CE3E415002458DD /* Network */ = {
			isa = PBXGroup;
			children = (
				51D14C202CE4EA32002468B2 /* Repository */,
				5164682B2CE3FECE002458DD /* Models */,
			);
			path = Network;
			sourceTree = "<group>";
		};
		516468122CE3E516002458DD /* Utils */ = {
			isa = PBXGroup;
			children = (
				516468322CE40679002458DD /* Constants */,
				516468192CE3E621002458DD /* Enums */,
				516468162CE3E5FB002458DD /* Extensions */,
			);
			path = Utils;
			sourceTree = "<group>";
		};
		516468132CE3E525002458DD /* Resources */ = {
			isa = PBXGroup;
			children = (
				5164681E2CE3E649002458DD /* Images.xcassets */,
				516468142CE3E5C2002458DD /* Colors.xcassets */,
			);
			path = Resources;
			sourceTree = "<group>";
		};
		516468162CE3E5FB002458DD /* Extensions */ = {
			isa = PBXGroup;
			children = (
				516468172CE3E604002458DD /* Colors.swift */,
			);
			path = Extensions;
			sourceTree = "<group>";
		};
		516468192CE3E621002458DD /* Enums */ = {
			isa = PBXGroup;
			children = (
				5164681B2CE3E630002458DD /* Icons.swift */,
				516468242CE3FC2A002458DD /* FontSizes.swift */,
			);
			path = Enums;
			sourceTree = "<group>";
		};
		516468212CE3F92A002458DD /* Characters */ = {
			isa = PBXGroup;
			children = (
				516468222CE3F9D0002458DD /* CharactersView.swift */,
			);
			path = Characters;
			sourceTree = "<group>";
		};
		5164682B2CE3FECE002458DD /* Models */ = {
			isa = PBXGroup;
			children = (
				5164682C2CE3FEF5002458DD /* CharactersModel.swift */,
			);
			path = Models;
			sourceTree = "<group>";
		};
		5164682E2CE40176002458DD /* ViewModels */ = {
			isa = PBXGroup;
			children = (
				5164682F2CE40180002458DD /* CharatersViewModel */,
			);
			path = ViewModels;
			sourceTree = "<group>";
		};
		5164682F2CE40180002458DD /* CharatersViewModel */ = {
			isa = PBXGroup;
			children = (
				516468302CE40197002458DD /* CharactersViewModel.swift */,
			);
			path = CharatersViewModel;
			sourceTree = "<group>";
		};
		516468322CE40679002458DD /* Constants */ = {
			isa = PBXGroup;
			children = (
				516468332CE40699002458DD /* Strings.swift */,
				516468352CE40740002458DD /* Base.swift */,
			);
			path = Constants;
			sourceTree = "<group>";
		};
		51D14C1D2CE4DAF1002468B2 /* Components */ = {
			isa = PBXGroup;
			children = (
			);
			path = Components;
			sourceTree = "<group>";
		};
		51D14C202CE4EA32002468B2 /* Repository */ = {
			isa = PBXGroup;
			children = (
				516468262CE3FDA1002458DD /* CharactersRepository.swift */,
			);
			path = Repository;
			sourceTree = "<group>";
		};
/* End PBXGroup section */

/* Begin PBXNativeTarget section */
		5148C4CF2CE7FAAF0056155A /* HarryPotterTests */ = {
			isa = PBXNativeTarget;
			buildConfigurationList = 5148C4D62CE7FAAF0056155A /* Build configuration list for PBXNativeTarget "HarryPotterTests" */;
			buildPhases = (
				5148C4CC2CE7FAAF0056155A /* Sources */,
				5148C4CD2CE7FAAF0056155A /* Frameworks */,
				5148C4CE2CE7FAAF0056155A /* Resources */,
			);
			buildRules = (
			);
			dependencies = (
				5148C4D52CE7FAAF0056155A /* PBXTargetDependency */,
			);
			name = HarryPotterTests;
			productName = HarryPotterTests;
			productReference = 5148C4D02CE7FAAF0056155A /* HarryPotterTests.xctest */;
			productType = "com.apple.product-type.bundle.unit-test";
		};
		516467FC2CE3E1EB002458DD /* Harry Potter */ = {
			isa = PBXNativeTarget;
			buildConfigurationList = 5164680B2CE3E1EC002458DD /* Build configuration list for PBXNativeTarget "Harry Potter" */;
			buildPhases = (
				516467F92CE3E1EB002458DD /* Sources */,
				516467FA2CE3E1EB002458DD /* Frameworks */,
				516467FB2CE3E1EB002458DD /* Resources */,
			);
			buildRules = (
			);
			dependencies = (
			);
			name = "Harry Potter";
			packageProductDependencies = (
				516468292CE3FE5A002458DD /* Alamofire */,
			);
			productName = "Harry Potter";
			productReference = 516467FD2CE3E1EB002458DD /* Harry Potter.app */;
			productType = "com.apple.product-type.application";
		};
		51D14C242CE50D65002468B2 /* Harry PotterTests */ = {
			isa = PBXNativeTarget;
			buildConfigurationList = 51D14C2B2CE50D65002468B2 /* Build configuration list for PBXNativeTarget "Harry PotterTests" */;
			buildPhases = (
				51D14C212CE50D65002468B2 /* Sources */,
				51D14C222CE50D65002468B2 /* Frameworks */,
				51D14C232CE50D65002468B2 /* Resources */,
			);
			buildRules = (
			);
			dependencies = (
				51D14C2A2CE50D65002468B2 /* PBXTargetDependency */,
			);
			name = "Harry PotterTests";
			productName = "Harry PotterTests";
			productReference = 51D14C252CE50D65002468B2 /* Harry PotterTests.xctest */;
			productType = "com.apple.product-type.bundle.unit-test";
		};
/* End PBXNativeTarget section */

/* Begin PBXProject section */
		516467F52CE3E1EB002458DD /* Project object */ = {
			isa = PBXProject;
			attributes = {
				BuildIndependentTargetsInParallel = 1;
				LastSwiftUpdateCheck = 1430;
				LastUpgradeCheck = 1430;
				TargetAttributes = {
					5148C4CF2CE7FAAF0056155A = {
						CreatedOnToolsVersion = 14.3.1;
						TestTargetID = 516467FC2CE3E1EB002458DD;
					};
					516467FC2CE3E1EB002458DD = {
						CreatedOnToolsVersion = 14.3.1;
					};
					51D14C242CE50D65002468B2 = {
						CreatedOnToolsVersion = 14.3.1;
						TestTargetID = 516467FC2CE3E1EB002458DD;
					};
				};
			};
			buildConfigurationList = 516467F82CE3E1EB002458DD /* Build configuration list for PBXProject "Harry Potter" */;
			compatibilityVersion = "Xcode 14.0";
			developmentRegion = en;
			hasScannedForEncodings = 0;
			knownRegions = (
				en,
				Base,
			);
			mainGroup = 516467F42CE3E1EB002458DD;
			packageReferences = (
				516468282CE3FE5A002458DD /* XCRemoteSwiftPackageReference "Alamofire" */,
			);
			productRefGroup = 516467FE2CE3E1EB002458DD /* Products */;
			projectDirPath = "";
			projectRoot = "";
			targets = (
				516467FC2CE3E1EB002458DD /* Harry Potter */,
				51D14C242CE50D65002468B2 /* Harry PotterTests */,
				5148C4CF2CE7FAAF0056155A /* HarryPotterTests */,
			);
		};
/* End PBXProject section */

/* Begin PBXResourcesBuildPhase section */
		5148C4CE2CE7FAAF0056155A /* Resources */ = {
			isa = PBXResourcesBuildPhase;
			buildActionMask = 2147483647;
			files = (
			);
			runOnlyForDeploymentPostprocessing = 0;
		};
		516467FB2CE3E1EB002458DD /* Resources */ = {
			isa = PBXResourcesBuildPhase;
			buildActionMask = 2147483647;
			files = (
				516468152CE3E5C2002458DD /* Colors.xcassets in Resources */,
				5164681F2CE3E649002458DD /* Images.xcassets in Resources */,
				516468082CE3E1EC002458DD /* Preview Assets.xcassets in Resources */,
				516468052CE3E1EC002458DD /* Assets.xcassets in Resources */,
			);
			runOnlyForDeploymentPostprocessing = 0;
		};
		51D14C232CE50D65002468B2 /* Resources */ = {
			isa = PBXResourcesBuildPhase;
			buildActionMask = 2147483647;
			files = (
			);
			runOnlyForDeploymentPostprocessing = 0;
		};
/* End PBXResourcesBuildPhase section */

/* Begin PBXSourcesBuildPhase section */
		5148C4CC2CE7FAAF0056155A /* Sources */ = {
			isa = PBXSourcesBuildPhase;
			buildActionMask = 2147483647;
			files = (
				5148C4E02CEBB2B70056155A /* MockModel.swift in Sources */,
				5148C4D32CE7FAAF0056155A /* HarryPotterTests.swift in Sources */,
				5148C4DE2CEBB26C0056155A /* MockCharactersRepository.swift in Sources */,
				519C1A492CEBCB1200D4055B /* MockCharactersAPIClient.swift in Sources */,
			);
			runOnlyForDeploymentPostprocessing = 0;
		};
		516467F92CE3E1EB002458DD /* Sources */ = {
			isa = PBXSourcesBuildPhase;
			buildActionMask = 2147483647;
			files = (
				516468312CE40197002458DD /* CharactersViewModel.swift in Sources */,
				516468032CE3E1EB002458DD /* ContentView.swift in Sources */,
				5164682D2CE3FEF5002458DD /* CharactersModel.swift in Sources */,
				516468252CE3FC2A002458DD /* FontSizes.swift in Sources */,
				516468342CE40699002458DD /* Strings.swift in Sources */,
				516468232CE3F9D0002458DD /* CharactersView.swift in Sources */,
				516468182CE3E604002458DD /* Colors.swift in Sources */,
				5164681D2CE3E630002458DD /* Icons.swift in Sources */,
				516468272CE3FDA1002458DD /* CharactersRepository.swift in Sources */,
				516468012CE3E1EB002458DD /* Harry_PotterApp.swift in Sources */,
				516468362CE40740002458DD /* Base.swift in Sources */,
			);
			runOnlyForDeploymentPostprocessing = 0;
		};
		51D14C212CE50D65002468B2 /* Sources */ = {
			isa = PBXSourcesBuildPhase;
			buildActionMask = 2147483647;
			files = (
			);
			runOnlyForDeploymentPostprocessing = 0;
		};
/* End PBXSourcesBuildPhase section */

/* Begin PBXTargetDependency section */
		5148C4D52CE7FAAF0056155A /* PBXTargetDependency */ = {
			isa = PBXTargetDependency;
			target = 516467FC2CE3E1EB002458DD /* Harry Potter */;
			targetProxy = 5148C4D42CE7FAAF0056155A /* PBXContainerItemProxy */;
		};
		51D14C2A2CE50D65002468B2 /* PBXTargetDependency */ = {
			isa = PBXTargetDependency;
			target = 516467FC2CE3E1EB002458DD /* Harry Potter */;
			targetProxy = 51D14C292CE50D65002468B2 /* PBXContainerItemProxy */;
		};
/* End PBXTargetDependency section */

/* Begin XCBuildConfiguration section */
		5148C4D72CE7FAAF0056155A /* Debug */ = {
			isa = XCBuildConfiguration;
			buildSettings = {
				BUNDLE_LOADER = "$(TEST_HOST)";
				CODE_SIGN_STYLE = Automatic;
				CURRENT_PROJECT_VERSION = 1;
				GENERATE_INFOPLIST_FILE = YES;
				MARKETING_VERSION = 1.0;
				PRODUCT_BUNDLE_IDENTIFIER = com.dfcapps.HarryPotterTests;
				PRODUCT_NAME = "$(TARGET_NAME)";
				SWIFT_EMIT_LOC_STRINGS = NO;
				SWIFT_VERSION = 5.0;
				TARGETED_DEVICE_FAMILY = "1,2";
				TEST_HOST = "$(BUILT_PRODUCTS_DIR)/Harry Potter.app/$(BUNDLE_EXECUTABLE_FOLDER_PATH)/Harry Potter";
			};
			name = Debug;
		};
		5148C4D82CE7FAAF0056155A /* Release */ = {
			isa = XCBuildConfiguration;
			buildSettings = {
				BUNDLE_LOADER = "$(TEST_HOST)";
				CODE_SIGN_STYLE = Automatic;
				CURRENT_PROJECT_VERSION = 1;
				GENERATE_INFOPLIST_FILE = YES;
				MARKETING_VERSION = 1.0;
				PRODUCT_BUNDLE_IDENTIFIER = com.dfcapps.HarryPotterTests;
				PRODUCT_NAME = "$(TARGET_NAME)";
				SWIFT_EMIT_LOC_STRINGS = NO;
				SWIFT_VERSION = 5.0;
				TARGETED_DEVICE_FAMILY = "1,2";
				TEST_HOST = "$(BUILT_PRODUCTS_DIR)/Harry Potter.app/$(BUNDLE_EXECUTABLE_FOLDER_PATH)/Harry Potter";
			};
			name = Release;
		};
		516468092CE3E1EC002458DD /* Debug */ = {
			isa = XCBuildConfiguration;
			buildSettings = {
				ALWAYS_SEARCH_USER_PATHS = NO;
				CLANG_ANALYZER_NONNULL = YES;
				CLANG_ANALYZER_NUMBER_OBJECT_CONVERSION = YES_AGGRESSIVE;
				CLANG_CXX_LANGUAGE_STANDARD = "gnu++20";
				CLANG_ENABLE_MODULES = YES;
				CLANG_ENABLE_OBJC_ARC = YES;
				CLANG_ENABLE_OBJC_WEAK = YES;
				CLANG_WARN_BLOCK_CAPTURE_AUTORELEASING = YES;
				CLANG_WARN_BOOL_CONVERSION = YES;
				CLANG_WARN_COMMA = YES;
				CLANG_WARN_CONSTANT_CONVERSION = YES;
				CLANG_WARN_DEPRECATED_OBJC_IMPLEMENTATIONS = YES;
				CLANG_WARN_DIRECT_OBJC_ISA_USAGE = YES_ERROR;
				CLANG_WARN_DOCUMENTATION_COMMENTS = YES;
				CLANG_WARN_EMPTY_BODY = YES;
				CLANG_WARN_ENUM_CONVERSION = YES;
				CLANG_WARN_INFINITE_RECURSION = YES;
				CLANG_WARN_INT_CONVERSION = YES;
				CLANG_WARN_NON_LITERAL_NULL_CONVERSION = YES;
				CLANG_WARN_OBJC_IMPLICIT_RETAIN_SELF = YES;
				CLANG_WARN_OBJC_LITERAL_CONVERSION = YES;
				CLANG_WARN_OBJC_ROOT_CLASS = YES_ERROR;
				CLANG_WARN_QUOTED_INCLUDE_IN_FRAMEWORK_HEADER = YES;
				CLANG_WARN_RANGE_LOOP_ANALYSIS = YES;
				CLANG_WARN_STRICT_PROTOTYPES = YES;
				CLANG_WARN_SUSPICIOUS_MOVE = YES;
				CLANG_WARN_UNGUARDED_AVAILABILITY = YES_AGGRESSIVE;
				CLANG_WARN_UNREACHABLE_CODE = YES;
				CLANG_WARN__DUPLICATE_METHOD_MATCH = YES;
				COPY_PHASE_STRIP = NO;
				DEBUG_INFORMATION_FORMAT = dwarf;
				ENABLE_STRICT_OBJC_MSGSEND = YES;
				ENABLE_TESTABILITY = YES;
				GCC_C_LANGUAGE_STANDARD = gnu11;
				GCC_DYNAMIC_NO_PIC = NO;
				GCC_NO_COMMON_BLOCKS = YES;
				GCC_OPTIMIZATION_LEVEL = 0;
				GCC_PREPROCESSOR_DEFINITIONS = (
					"DEBUG=1",
					"$(inherited)",
				);
				GCC_WARN_64_TO_32_BIT_CONVERSION = YES;
				GCC_WARN_ABOUT_RETURN_TYPE = YES_ERROR;
				GCC_WARN_UNDECLARED_SELECTOR = YES;
				GCC_WARN_UNINITIALIZED_AUTOS = YES_AGGRESSIVE;
				GCC_WARN_UNUSED_FUNCTION = YES;
				GCC_WARN_UNUSED_VARIABLE = YES;
				IPHONEOS_DEPLOYMENT_TARGET = 16.4;
				MTL_ENABLE_DEBUG_INFO = INCLUDE_SOURCE;
				MTL_FAST_MATH = YES;
				ONLY_ACTIVE_ARCH = YES;
				SDKROOT = iphoneos;
				SWIFT_ACTIVE_COMPILATION_CONDITIONS = DEBUG;
				SWIFT_OPTIMIZATION_LEVEL = "-Onone";
			};
			name = Debug;
		};
		5164680A2CE3E1EC002458DD /* Release */ = {
			isa = XCBuildConfiguration;
			buildSettings = {
				ALWAYS_SEARCH_USER_PATHS = NO;
				CLANG_ANALYZER_NONNULL = YES;
				CLANG_ANALYZER_NUMBER_OBJECT_CONVERSION = YES_AGGRESSIVE;
				CLANG_CXX_LANGUAGE_STANDARD = "gnu++20";
				CLANG_ENABLE_MODULES = YES;
				CLANG_ENABLE_OBJC_ARC = YES;
				CLANG_ENABLE_OBJC_WEAK = YES;
				CLANG_WARN_BLOCK_CAPTURE_AUTORELEASING = YES;
				CLANG_WARN_BOOL_CONVERSION = YES;
				CLANG_WARN_COMMA = YES;
				CLANG_WARN_CONSTANT_CONVERSION = YES;
				CLANG_WARN_DEPRECATED_OBJC_IMPLEMENTATIONS = YES;
				CLANG_WARN_DIRECT_OBJC_ISA_USAGE = YES_ERROR;
				CLANG_WARN_DOCUMENTATION_COMMENTS = YES;
				CLANG_WARN_EMPTY_BODY = YES;
				CLANG_WARN_ENUM_CONVERSION = YES;
				CLANG_WARN_INFINITE_RECURSION = YES;
				CLANG_WARN_INT_CONVERSION = YES;
				CLANG_WARN_NON_LITERAL_NULL_CONVERSION = YES;
				CLANG_WARN_OBJC_IMPLICIT_RETAIN_SELF = YES;
				CLANG_WARN_OBJC_LITERAL_CONVERSION = YES;
				CLANG_WARN_OBJC_ROOT_CLASS = YES_ERROR;
				CLANG_WARN_QUOTED_INCLUDE_IN_FRAMEWORK_HEADER = YES;
				CLANG_WARN_RANGE_LOOP_ANALYSIS = YES;
				CLANG_WARN_STRICT_PROTOTYPES = YES;
				CLANG_WARN_SUSPICIOUS_MOVE = YES;
				CLANG_WARN_UNGUARDED_AVAILABILITY = YES_AGGRESSIVE;
				CLANG_WARN_UNREACHABLE_CODE = YES;
				CLANG_WARN__DUPLICATE_METHOD_MATCH = YES;
				COPY_PHASE_STRIP = NO;
				DEBUG_INFORMATION_FORMAT = "dwarf-with-dsym";
				ENABLE_NS_ASSERTIONS = NO;
				ENABLE_STRICT_OBJC_MSGSEND = YES;
				GCC_C_LANGUAGE_STANDARD = gnu11;
				GCC_NO_COMMON_BLOCKS = YES;
				GCC_WARN_64_TO_32_BIT_CONVERSION = YES;
				GCC_WARN_ABOUT_RETURN_TYPE = YES_ERROR;
				GCC_WARN_UNDECLARED_SELECTOR = YES;
				GCC_WARN_UNINITIALIZED_AUTOS = YES_AGGRESSIVE;
				GCC_WARN_UNUSED_FUNCTION = YES;
				GCC_WARN_UNUSED_VARIABLE = YES;
				IPHONEOS_DEPLOYMENT_TARGET = 16.4;
				MTL_ENABLE_DEBUG_INFO = NO;
				MTL_FAST_MATH = YES;
				SDKROOT = iphoneos;
				SWIFT_COMPILATION_MODE = wholemodule;
				SWIFT_OPTIMIZATION_LEVEL = "-O";
				VALIDATE_PRODUCT = YES;
			};
			name = Release;
		};
		5164680C2CE3E1EC002458DD /* Debug */ = {
			isa = XCBuildConfiguration;
			buildSettings = {
				ASSETCATALOG_COMPILER_APPICON_NAME = AppIcon;
				ASSETCATALOG_COMPILER_GLOBAL_ACCENT_COLOR_NAME = AccentColor;
				CODE_SIGN_STYLE = Automatic;
				CURRENT_PROJECT_VERSION = 1;
				DEVELOPMENT_ASSET_PATHS = "\"Harry Potter/Preview Content\"";
				ENABLE_PREVIEWS = YES;
				GENERATE_INFOPLIST_FILE = YES;
				INFOPLIST_KEY_UIApplicationSceneManifest_Generation = YES;
				INFOPLIST_KEY_UIApplicationSupportsIndirectInputEvents = YES;
				INFOPLIST_KEY_UILaunchScreen_Generation = YES;
				INFOPLIST_KEY_UISupportedInterfaceOrientations_iPad = "UIInterfaceOrientationPortrait UIInterfaceOrientationPortraitUpsideDown UIInterfaceOrientationLandscapeLeft UIInterfaceOrientationLandscapeRight";
				INFOPLIST_KEY_UISupportedInterfaceOrientations_iPhone = "UIInterfaceOrientationPortrait UIInterfaceOrientationLandscapeLeft UIInterfaceOrientationLandscapeRight";
				LD_RUNPATH_SEARCH_PATHS = (
					"$(inherited)",
					"@executable_path/Frameworks",
				);
				MARKETING_VERSION = 1.0;
				PRODUCT_BUNDLE_IDENTIFIER = "com.dfcapps.Harry-Potter";
				PRODUCT_NAME = "$(TARGET_NAME)";
				SWIFT_EMIT_LOC_STRINGS = YES;
				SWIFT_VERSION = 5.0;
				TARGETED_DEVICE_FAMILY = "1,2";
			};
			name = Debug;
		};
		5164680D2CE3E1EC002458DD /* Release */ = {
			isa = XCBuildConfiguration;
			buildSettings = {
				ASSETCATALOG_COMPILER_APPICON_NAME = AppIcon;
				ASSETCATALOG_COMPILER_GLOBAL_ACCENT_COLOR_NAME = AccentColor;
				CODE_SIGN_STYLE = Automatic;
				CURRENT_PROJECT_VERSION = 1;
				DEVELOPMENT_ASSET_PATHS = "\"Harry Potter/Preview Content\"";
				ENABLE_PREVIEWS = YES;
				GENERATE_INFOPLIST_FILE = YES;
				INFOPLIST_KEY_UIApplicationSceneManifest_Generation = YES;
				INFOPLIST_KEY_UIApplicationSupportsIndirectInputEvents = YES;
				INFOPLIST_KEY_UILaunchScreen_Generation = YES;
				INFOPLIST_KEY_UISupportedInterfaceOrientations_iPad = "UIInterfaceOrientationPortrait UIInterfaceOrientationPortraitUpsideDown UIInterfaceOrientationLandscapeLeft UIInterfaceOrientationLandscapeRight";
				INFOPLIST_KEY_UISupportedInterfaceOrientations_iPhone = "UIInterfaceOrientationPortrait UIInterfaceOrientationLandscapeLeft UIInterfaceOrientationLandscapeRight";
				LD_RUNPATH_SEARCH_PATHS = (
					"$(inherited)",
					"@executable_path/Frameworks",
				);
				MARKETING_VERSION = 1.0;
				PRODUCT_BUNDLE_IDENTIFIER = "com.dfcapps.Harry-Potter";
				PRODUCT_NAME = "$(TARGET_NAME)";
				SWIFT_EMIT_LOC_STRINGS = YES;
				SWIFT_VERSION = 5.0;
				TARGETED_DEVICE_FAMILY = "1,2";
			};
			name = Release;
		};
		51D14C2C2CE50D65002468B2 /* Debug */ = {
			isa = XCBuildConfiguration;
			buildSettings = {
				BUNDLE_LOADER = "$(TEST_HOST)";
				CODE_SIGN_STYLE = Automatic;
				CURRENT_PROJECT_VERSION = 1;
				GENERATE_INFOPLIST_FILE = YES;
				MARKETING_VERSION = 1.0;
				PRODUCT_BUNDLE_IDENTIFIER = "com.dfcapps.Harry-PotterTests";
				PRODUCT_NAME = "$(TARGET_NAME)";
				SWIFT_EMIT_LOC_STRINGS = NO;
				SWIFT_VERSION = 5.0;
				TARGETED_DEVICE_FAMILY = "1,2";
				TEST_HOST = "$(BUILT_PRODUCTS_DIR)/Harry Potter.app/$(BUNDLE_EXECUTABLE_FOLDER_PATH)/Harry Potter";
			};
			name = Debug;
		};
		51D14C2D2CE50D65002468B2 /* Release */ = {
			isa = XCBuildConfiguration;
			buildSettings = {
				BUNDLE_LOADER = "$(TEST_HOST)";
				CODE_SIGN_STYLE = Automatic;
				CURRENT_PROJECT_VERSION = 1;
				GENERATE_INFOPLIST_FILE = YES;
				MARKETING_VERSION = 1.0;
				PRODUCT_BUNDLE_IDENTIFIER = "com.dfcapps.Harry-PotterTests";
				PRODUCT_NAME = "$(TARGET_NAME)";
				SWIFT_EMIT_LOC_STRINGS = NO;
				SWIFT_VERSION = 5.0;
				TARGETED_DEVICE_FAMILY = "1,2";
				TEST_HOST = "$(BUILT_PRODUCTS_DIR)/Harry Potter.app/$(BUNDLE_EXECUTABLE_FOLDER_PATH)/Harry Potter";
			};
			name = Release;
		};
/* End XCBuildConfiguration section */

/* Begin XCConfigurationList section */
		5148C4D62CE7FAAF0056155A /* Build configuration list for PBXNativeTarget "HarryPotterTests" */ = {
			isa = XCConfigurationList;
			buildConfigurations = (
				5148C4D72CE7FAAF0056155A /* Debug */,
				5148C4D82CE7FAAF0056155A /* Release */,
			);
			defaultConfigurationIsVisible = 0;
			defaultConfigurationName = Release;
		};
		516467F82CE3E1EB002458DD /* Build configuration list for PBXProject "Harry Potter" */ = {
			isa = XCConfigurationList;
			buildConfigurations = (
				516468092CE3E1EC002458DD /* Debug */,
				5164680A2CE3E1EC002458DD /* Release */,
			);
			defaultConfigurationIsVisible = 0;
			defaultConfigurationName = Release;
		};
		5164680B2CE3E1EC002458DD /* Build configuration list for PBXNativeTarget "Harry Potter" */ = {
			isa = XCConfigurationList;
			buildConfigurations = (
				5164680C2CE3E1EC002458DD /* Debug */,
				5164680D2CE3E1EC002458DD /* Release */,
			);
			defaultConfigurationIsVisible = 0;
			defaultConfigurationName = Release;
		};
		51D14C2B2CE50D65002468B2 /* Build configuration list for PBXNativeTarget "Harry PotterTests" */ = {
			isa = XCConfigurationList;
			buildConfigurations = (
				51D14C2C2CE50D65002468B2 /* Debug */,
				51D14C2D2CE50D65002468B2 /* Release */,
			);
			defaultConfigurationIsVisible = 0;
			defaultConfigurationName = Release;
		};
/* End XCConfigurationList section */

/* Begin XCRemoteSwiftPackageReference section */
		516468282CE3FE5A002458DD /* XCRemoteSwiftPackageReference "Alamofire" */ = {
			isa = XCRemoteSwiftPackageReference;
			repositoryURL = "https://github.com/Alamofire/Alamofire.git";
			requirement = {
				kind = upToNextMajorVersion;
				minimumVersion = 5.0.0;
			};
		};
/* End XCRemoteSwiftPackageReference section */

/* Begin XCSwiftPackageProductDependency section */
		516468292CE3FE5A002458DD /* Alamofire */ = {
			isa = XCSwiftPackageProductDependency;
			package = 516468282CE3FE5A002458DD /* XCRemoteSwiftPackageReference "Alamofire" */;
			productName = Alamofire;
		};
/* End XCSwiftPackageProductDependency section */
	};
	rootObject = 516467F52CE3E1EB002458DD /* Project object */;
}
